{
  "nodes": {
    "nixpkgs": {
      "locked": {
        "lastModified": 1648693700,
        "narHash": "sha256-YHKUZc26InoWxdjAmsI7BPou4UNTZK5oN9hJ5ZL7ypE=",
        "owner": "nixos",
        "repo": "nixpkgs",
        "rev": "4dbe6fbd696551fb9d03be52940e94060420846d",
        "type": "github"
      },
      "original": {
        "owner": "nixos",
        "repo": "nixpkgs",
        "type": "github"
      }
    },
    "root": {
      "inputs": {
        "nixpkgs": "nixpkgs",
        "utils": "utils"
      }
    },
    "utils": {
      "locked": {
        "lastModified": 1648297722,
        "narHash": "sha256-W+qlPsiZd8F3XkzXOzAoR+mpFqzm3ekQkJNa+PIh1BQ=",
        "owner": "numtide",
        "repo": "flake-utils",
        "rev": "0f8662f1319ad6abf89b3380dd2722369fc51ade",
        "type": "github"
      },
      "original": {
        "owner": "numtide",
        "repo": "flake-utils",
        "type": "github"
      }
    }
  },
  "root": "root",
  "version": 7
}
